
Microsoft Visual Studio Solution File, Format Version 12.00
# Visual Studio Version 16
VisualStudioVersion = 16.0.30717.126
MinimumVisualStudioVersion = 15.0.26124.0
Project("{9A19103F-16F7-4668-BE54-9A1E7A4F7556}") = "API", "API\API.csproj", "{B19A8DA9-EBDC-4B88-A120-16258C4DF5C6}"
EndProject
Project("{E24C65DC-7377-472B-9ABA-BC803B73C61A}") = "client", "client\", "{4DC0EC5F-8101-40CE-8740-B8E407C8E7EB}"
	ProjectSection(WebsiteProperties) = preProject
		TargetFrameworkMoniker = ".NETFramework,Version%3Dv4.0"
		Debug.AspNetCompiler.VirtualPath = "/localhost_65235"
		Debug.AspNetCompiler.PhysicalPath = "client\"
		Debug.AspNetCompiler.TargetPath = "PrecompiledWeb\localhost_65235\"
		Debug.AspNetCompiler.Updateable = "true"
		Debug.AspNetCompiler.ForceOverwrite = "true"
		Debug.AspNetCompiler.FixedNames = "false"
		Debug.AspNetCompiler.Debug = "True"
		Release.AspNetCompiler.VirtualPath = "/localhost_65235"
		Release.AspNetCompiler.PhysicalPath = "client\"
		Release.AspNetCompiler.TargetPath = "PrecompiledWeb\localhost_65235\"
		Release.AspNetCompiler.Updateable = "true"
		Release.AspNetCompiler.ForceOverwrite = "true"
		Release.AspNetCompiler.FixedNames = "false"
		Release.AspNetCompiler.Debug = "False"
		VWDPort = "65235"
		SlnRelativePath = "client\"
	EndProjectSection
EndProject
Global
	GlobalSection(SolutionConfigurationPlatforms) = preSolution
		Debug|Any CPU = Debug|Any CPU
		Debug|x64 = Debug|x64
		Debug|x86 = Debug|x86
		Release|Any CPU = Release|Any CPU
		Release|x64 = Release|x64
		Release|x86 = Release|x86
	EndGlobalSection
	GlobalSection(ProjectConfigurationPlatforms) = postSolution
		{B19A8DA9-EBDC-4B88-A120-16258C4DF5C6}.Debug|Any CPU.ActiveCfg = Debug|Any CPU
		{B19A8DA9-EBDC-4B88-A120-16258C4DF5C6}.Debug|Any CPU.Build.0 = Debug|Any CPU
		{B19A8DA9-EBDC-4B88-A120-16258C4DF5C6}.Debug|x64.ActiveCfg = Debug|Any CPU
		{B19A8DA9-EBDC-4B88-A120-16258C4DF5C6}.Debug|x64.Build.0 = Debug|Any CPU
		{B19A8DA9-EBDC-4B88-A120-16258C4DF5C6}.Debug|x86.ActiveCfg = Debug|Any CPU
		{B19A8DA9-EBDC-4B88-A120-16258C4DF5C6}.Debug|x86.Build.0 = Debug|Any CPU
		{B19A8DA9-EBDC-4B88-A120-16258C4DF5C6}.Release|Any CPU.ActiveCfg = Release|Any CPU
		{B19A8DA9-EBDC-4B88-A120-16258C4DF5C6}.Release|Any CPU.Build.0 = Release|Any CPU
		{B19A8DA9-EBDC-4B88-A120-16258C4DF5C6}.Release|x64.ActiveCfg = Release|Any CPU
		{B19A8DA9-EBDC-4B88-A120-16258C4DF5C6}.Release|x64.Build.0 = Release|Any CPU
		{B19A8DA9-EBDC-4B88-A120-16258C4DF5C6}.Release|x86.ActiveCfg = Release|Any CPU
		{B19A8DA9-EBDC-4B88-A120-16258C4DF5C6}.Release|x86.Build.0 = Release|Any CPU
		{4DC0EC5F-8101-40CE-8740-B8E407C8E7EB}.Debug|Any CPU.ActiveCfg = Debug|Any CPU
		{4DC0EC5F-8101-40CE-8740-B8E407C8E7EB}.Debug|Any CPU.Build.0 = Debug|Any CPU
		{4DC0EC5F-8101-40CE-8740-B8E407C8E7EB}.Debug|x64.ActiveCfg = Debug|Any CPU
		{4DC0EC5F-8101-40CE-8740-B8E407C8E7EB}.Debug|x64.Build.0 = Debug|Any CPU
		{4DC0EC5F-8101-40CE-8740-B8E407C8E7EB}.Debug|x86.ActiveCfg = Debug|Any CPU
		{4DC0EC5F-8101-40CE-8740-B8E407C8E7EB}.Debug|x86.Build.0 = Debug|Any CPU
		{4DC0EC5F-8101-40CE-8740-B8E407C8E7EB}.Release|Any CPU.ActiveCfg = Debug|Any CPU
		{4DC0EC5F-8101-40CE-8740-B8E407C8E7EB}.Release|Any CPU.Build.0 = Debug|Any CPU
		{4DC0EC5F-8101-40CE-8740-B8E407C8E7EB}.Release|x64.ActiveCfg = Debug|Any CPU
		{4DC0EC5F-8101-40CE-8740-B8E407C8E7EB}.Release|x64.Build.0 = Debug|Any CPU
		{4DC0EC5F-8101-40CE-8740-B8E407C8E7EB}.Release|x86.ActiveCfg = Debug|Any CPU
		{4DC0EC5F-8101-40CE-8740-B8E407C8E7EB}.Release|x86.Build.0 = Debug|Any CPU
	EndGlobalSection
	GlobalSection(SolutionProperties) = preSolution
		HideSolutionNode = FALSE
	EndGlobalSection
	GlobalSection(ExtensibilityGlobals) = postSolution
		SolutionGuid = {2B66EC96-AEA7-48C3-9A80-A51A7E7D68E2}
	EndGlobalSection
EndGlobal
